
Microsoft Visual Studio Solution File, Format Version 12.00
Project("{FAE04EC0-301F-11D3-BF4B-00C04F79EFBC}") = "LongerBuff", "LongerBuff.csproj", "{A98BB895-E25F-4D00-BA01-AAD90FD89451}"
EndProject
Global
	GlobalSection(SolutionConfigurationPlatforms) = preSolution
		Debug|Any CPU = Debug|Any CPU
		Release|Any CPU = Release|Any CPU
	EndGlobalSection
	GlobalSection(ProjectConfigurationPlatforms) = postSolution
		{A98BB895-E25F-4D00-BA01-AAD90FD89451}.Debug|Any CPU.ActiveCfg = Debug|Any CPU
		{A98BB895-E25F-4D00-BA01-AAD90FD89451}.Debug|Any CPU.Build.0 = Debug|Any CPU
		{A98BB895-E25F-4D00-BA01-AAD90FD89451}.Release|Any CPU.ActiveCfg = Release|Any CPU
		{A98BB895-E25F-4D00-BA01-AAD90FD89451}.Release|Any CPU.Build.0 = Release|Any CPU
	EndGlobalSection
EndGlobal
